
Microsoft Visual Studio Solution File, Format Version 12.00
# Visual Studio Version 17
VisualStudioVersion = 17.2.32516.85
MinimumVisualStudioVersion = 10.0.40219.1
Project("{FAE04EC0-301F-11D3-BF4B-00C04F79EFBC}") = "Recipendium.UI", "Recipendium.UI\Recipendium.UI.csproj", "{2568787A-0E70-4EE6-BCAE-AB0D7005613E}"
EndProject
Global
	GlobalSection(SolutionConfigurationPlatforms) = preSolution
		Debug|Any CPU = Debug|Any CPU
		Release|Any CPU = Release|Any CPU
	EndGlobalSection
	GlobalSection(ProjectConfigurationPlatforms) = postSolution
		{2568787A-0E70-4EE6-BCAE-AB0D7005613E}.Debug|Any CPU.ActiveCfg = Debug|Any CPU
		{2568787A-0E70-4EE6-BCAE-AB0D7005613E}.Debug|Any CPU.Build.0 = Debug|Any CPU
		{2568787A-0E70-4EE6-BCAE-AB0D7005613E}.Release|Any CPU.ActiveCfg = Release|Any CPU
		{2568787A-0E70-4EE6-BCAE-AB0D7005613E}.Release|Any CPU.Build.0 = Release|Any CPU
	EndGlobalSection
	GlobalSection(SolutionProperties) = preSolution
		HideSolutionNode = FALSE
	EndGlobalSection
	GlobalSection(ExtensibilityGlobals) = postSolution
		SolutionGuid = {0A192C26-D7B2-4E82-B59B-D4C3B67CCE99}
	EndGlobalSection
EndGlobal
